<?xml version="1.0" encoding="utf-8"?>
<Project ToolsVersion="4.0" xmlns="http://schemas.microsoft.com/developer/msbuild/2003">
  <ItemGroup>
    <Filter Include="Source Files">
      <UniqueIdentifier>{4FC737F1-C7A5-4376-A066-2A32D752A2FF}</UniqueIdentifier>
      <Extensions>cpp;c;cc;cxx;def;odl;idl;hpj;bat;asm;asmx</Extensions>
    </Filter>
    <Filter Include="Header Files">
      <UniqueIdentifier>{93995380-89BD-4b04-88EB-625FBE52EBFB}</UniqueIdentifier>
      <Extensions>h;hh;hpp;hxx;hm;inl;inc;ipp;xsd</Extensions>
    </Filter>
    <Filter Include="Resource Files">
      <UniqueIdentifier>{67DA6AB6-F800-4c08-8B7A-83BB121AAD01}</UniqueIdentifier>
      <Extensions>rc;ico;cur;bmp;dlg;rc2;rct;bin;rgs;gif;jpg;jpeg;jpe;resx;tiff;tif;png;wav;mfcribbon-ms</Extensions>
    </Filter>
    <Filter Include="framework">
      <UniqueIdentifier>{303b5cda-98e0-40cc-86e3-2c7c97009ec9}</UniqueIdentifier>
    </Filter>
    <Filter Include="examples">
      <UniqueIdentifier>{0c613ae1-287f-46b5-b24e-ce3dfb928651}</UniqueIdentifier>
    </Filter>
    <Filter Include="examples\include">
      <UniqueIdentifier>{c2cbe3bf-43af-4679-b2de-5207ed5bdde2}</UniqueIdentifier>
    </Filter>
    <Filter Include="examples\src">
      <UniqueIdentifier>{bf5045c6-ed6c-4957-bd39-eaf707205520}</UniqueIdentifier>
    </Filter>
    <Filter Include="examples\src\ambi_bin">
      <UniqueIdentifier>{195fb762-4f28-4a56-bf4a-c58709d09688}</UniqueIdentifier>
    </Filter>
    <Filter Include="examples\src\ambi_dec">
      <UniqueIdentifier>{2706e32b-fd08-4d0b-bd14-0c6d3a4444eb}</UniqueIdentifier>
    </Filter>
    <Filter Include="examples\src\ambi_drc">
      <UniqueIdentifier>{72473919-99ab-4d02-87b1-7d1d57a00688}</UniqueIdentifier>
    </Filter>
    <Filter Include="examples\src\ambi_enc">
      <UniqueIdentifier>{c8e4f92a-9a63-436c-a280-aa693acdc65a}</UniqueIdentifier>
    </Filter>
    <Filter Include="examples\src\beamformer">
      <UniqueIdentifier>{fb7cab14-763d-46ab-a42d-15e1f8f82ecd}</UniqueIdentifier>
    </Filter>
    <Filter Include="examples\src\binauraliser">
      <UniqueIdentifier>{3c0733f1-4091-47da-8bc1-2cca76325896}</UniqueIdentifier>
    </Filter>
    <Filter Include="examples\src\dirass">
      <UniqueIdentifier>{67b068ec-8672-42a7-9a4f-dccf1e4fe63b}</UniqueIdentifier>
    </Filter>
    <Filter Include="examples\src\matrixconv">
      <UniqueIdentifier>{915daf5f-cad4-469d-b8d6-1d64ecbbecb8}</UniqueIdentifier>
    </Filter>
    <Filter Include="examples\src\multiconv">
      <UniqueIdentifier>{948f54ad-c5f0-4689-846f-64d0541c7c46}</UniqueIdentifier>
    </Filter>
    <Filter Include="examples\src\panner">
      <UniqueIdentifier>{6d9fbd85-fb22-48bf-8882-65d1cd8bdee4}</UniqueIdentifier>
    </Filter>
    <Filter Include="examples\src\pitch_shifter">
      <UniqueIdentifier>{d45a689e-e52a-40ee-9dfe-5064cc966188}</UniqueIdentifier>
    </Filter>
    <Filter Include="examples\src\powermap">
      <UniqueIdentifier>{cd4a976c-ddf9-4806-bd86-83ef653c50ff}</UniqueIdentifier>
    </Filter>
    <Filter Include="examples\src\rotator">
      <UniqueIdentifier>{bd6671f0-005e-44ee-a31d-4a74fbcbf0ed}</UniqueIdentifier>
    </Filter>
    <Filter Include="examples\src\sldoa">
      <UniqueIdentifier>{79fe4bb2-b928-4b87-9647-6ce04cb162c5}</UniqueIdentifier>
    </Filter>
    <Filter Include="examples\src\array2sh">
      <UniqueIdentifier>{b2876f80-8da2-413a-a877-ff15130fb20d}</UniqueIdentifier>
    </Filter>
    <Filter Include="framework\include">
      <UniqueIdentifier>{c54cdd06-ee5f-407d-89db-facfc242d2f1}</UniqueIdentifier>
    </Filter>
    <Filter Include="framework\modules">
      <UniqueIdentifier>{83e15cd4-3723-446d-9f1d-8efb3fd78fb4}</UniqueIdentifier>
    </Filter>
    <Filter Include="framework\resources">
      <UniqueIdentifier>{fbd7b714-5611-47f4-907c-b48d3b17a06b}</UniqueIdentifier>
    </Filter>
    <Filter Include="framework\modules\saf_cdf4sap">
      <UniqueIdentifier>{8d9cb084-3b54-4489-bf0b-3f4fcb5ccb71}</UniqueIdentifier>
    </Filter>
    <Filter Include="framework\modules\saf_hoa">
      <UniqueIdentifier>{f952a242-259e-43a3-ab11-839c31a2df25}</UniqueIdentifier>
    </Filter>
    <Filter Include="framework\modules\saf_hrir">
      <UniqueIdentifier>{9b5b014c-61bd-4abe-939b-b0d096800577}</UniqueIdentifier>
    </Filter>
    <Filter Include="framework\modules\saf_reverb">
      <UniqueIdentifier>{7766d3bb-4563-452c-bcb1-2499b76f657e}</UniqueIdentifier>
    </Filter>
    <Filter Include="framework\modules\saf_sh">
      <UniqueIdentifier>{5b218ce1-7a48-4043-b03a-801152622ceb}</UniqueIdentifier>
    </Filter>
    <Filter Include="framework\modules\saf_sofa_reader">
      <UniqueIdentifier>{b13e6794-2622-4868-a503-b37bfc7de923}</UniqueIdentifier>
    </Filter>
    <Filter Include="framework\modules\saf_utilities">
      <UniqueIdentifier>{d7a70dc6-ba2f-4c9f-be85-8668aa7f6e32}</UniqueIdentifier>
    </Filter>
    <Filter Include="framework\modules\saf_vbap">
      <UniqueIdentifier>{8fb45038-ee63-4a12-af76-c4e1525dd0bc}</UniqueIdentifier>
    </Filter>
    <Filter Include="framework\resources\afSTFT">
      <UniqueIdentifier>{1b6a282c-ed53-49d3-b5b5-307ea0efd718}</UniqueIdentifier>
    </Filter>
    <Filter Include="framework\resources\convhull_3d">
      <UniqueIdentifier>{622785c9-ae14-4135-8ed4-14a589cb0fb0}</UniqueIdentifier>
    </Filter>
    <Filter Include="framework\resources\kissFFT">
      <UniqueIdentifier>{5670e4a2-f02d-48f1-9bf7-a5373fab1d38}</UniqueIdentifier>
    </Filter>
    <Filter Include="framework\resources\md_malloc">
      <UniqueIdentifier>{187a3709-b161-4af5-a79a-a933c3520c21}</UniqueIdentifier>
    </Filter>
    <Filter Include="framework\modules\saf_tracker">
      <UniqueIdentifier>{ed0c58b0-07a9-40f7-a4ed-a9dc1f46c8fe}</UniqueIdentifier>
    </Filter>
    <Filter Include="examples\src\spreader">
      <UniqueIdentifier>{ccf5bf3c-6813-4f3a-ae39-cb1bfa556211}</UniqueIdentifier>
    </Filter>
    <Filter Include="framework\resources\speex_resampler">
      <UniqueIdentifier>{ff384652-8bc6-455b-9088-3f4d6fa963e7}</UniqueIdentifier>
    </Filter>
    <Filter Include="framework\modules\saf_sofa_reader\libmysofa">
      <UniqueIdentifier>{5d7a6d41-86a8-4d7c-adcc-f0a7dd8ef045}</UniqueIdentifier>
    </Filter>
    <Filter Include="framework\modules\saf_sofa_reader\libmysofa\internal">
      <UniqueIdentifier>{1c3987c3-226c-400b-ae1d-c8aec9bc8c95}</UniqueIdentifier>
    </Filter>
    <Filter Include="framework\resources\zlib">
      <UniqueIdentifier>{c334b493-b000-421b-8033-60c18f39501d}</UniqueIdentifier>
    </Filter>
    <Filter Include="Header Files\resources">
      <UniqueIdentifier>{253098d3-2323-4e27-8410-e406c63efad7}</UniqueIdentifier>
    </Filter>
    <Filter Include="Source Files\resources">
      <UniqueIdentifier>{e6107f79-fc69-4fbd-83f8-5e72be084d87}</UniqueIdentifier>
    </Filter>
    <Filter Include="framework\modules\saf_hades">
      <UniqueIdentifier>{33ae3c36-4ce0-4268-b4b6-63e05cf7e2d1}</UniqueIdentifier>
    </Filter>
  </ItemGroup>
  <ItemGroup>
    <ClInclude Include="..\saf_test.h">
      <Filter>Header Files</Filter>
    </ClInclude>
    <ClInclude Include="..\..\examples\include\_common.h">
      <Filter>examples\include</Filter>
    </ClInclude>
    <ClInclude Include="..\..\examples\include\ambi_bin.h">
      <Filter>examples\include</Filter>
    </ClInclude>
    <ClInclude Include="..\..\examples\src\ambi_bin\ambi_bin_internal.h">
      <Filter>examples\src\ambi_bin</Filter>
    </ClInclude>
    <ClInclude Include="..\..\examples\include\ambi_dec.h">
      <Filter>examples\include</Filter>
    </ClInclude>
    <ClInclude Include="..\..\examples\include\ambi_drc.h">
      <Filter>examples\include</Filter>
    </ClInclude>
    <ClInclude Include="..\..\examples\include\ambi_enc.h">
      <Filter>examples\include</Filter>
    </ClInclude>
    <ClInclude Include="..\..\examples\include\array2sh.h">
      <Filter>examples\include</Filter>
    </ClInclude>
    <ClInclude Include="..\..\examples\include\beamformer.h">
      <Filter>examples\include</Filter>
    </ClInclude>
    <ClInclude Include="..\..\examples\include\binauraliser.h">
      <Filter>examples\include</Filter>
    </ClInclude>
    <ClInclude Include="..\..\examples\include\dirass.h">
      <Filter>examples\include</Filter>
    </ClInclude>
    <ClInclude Include="..\..\examples\include\matrixconv.h">
      <Filter>examples\include</Filter>
    </ClInclude>
    <ClInclude Include="..\..\examples\include\multiconv.h">
      <Filter>examples\include</Filter>
    </ClInclude>
    <ClInclude Include="..\..\examples\include\panner.h">
      <Filter>examples\include</Filter>
    </ClInclude>
    <ClInclude Include="..\..\examples\include\pitch_shifter.h">
      <Filter>examples\include</Filter>
    </ClInclude>
    <ClInclude Include="..\..\examples\include\powermap.h">
      <Filter>examples\include</Filter>
    </ClInclude>
    <ClInclude Include="..\..\examples\include\rotator.h">
      <Filter>examples\include</Filter>
    </ClInclude>
    <ClInclude Include="..\..\examples\include\sldoa.h">
      <Filter>examples\include</Filter>
    </ClInclude>
    <ClInclude Include="..\..\examples\src\ambi_dec\ambi_dec_internal.h">
      <Filter>examples\src\ambi_dec</Filter>
    </ClInclude>
    <ClInclude Include="..\..\examples\src\ambi_drc\ambi_drc_internal.h">
      <Filter>examples\src\ambi_drc</Filter>
    </ClInclude>
    <ClInclude Include="..\..\examples\src\ambi_enc\ambi_enc_internal.h">
      <Filter>examples\src\ambi_enc</Filter>
    </ClInclude>
    <ClInclude Include="..\..\examples\src\array2sh\array2sh_internal.h">
      <Filter>examples\src\array2sh</Filter>
    </ClInclude>
    <ClInclude Include="..\..\examples\src\beamformer\beamformer_internal.h">
      <Filter>examples\src\beamformer</Filter>
    </ClInclude>
    <ClInclude Include="..\..\examples\src\binauraliser\binauraliser_internal.h">
      <Filter>examples\src\binauraliser</Filter>
    </ClInclude>
    <ClInclude Include="..\..\examples\src\dirass\dirass_internal.h">
      <Filter>examples\src\dirass</Filter>
    </ClInclude>
    <ClInclude Include="..\..\examples\src\matrixconv\matrixconv_internal.h">
      <Filter>examples\src\matrixconv</Filter>
    </ClInclude>
    <ClInclude Include="..\..\examples\src\multiconv\multiconv_internal.h">
      <Filter>examples\src\multiconv</Filter>
    </ClInclude>
    <ClInclude Include="..\..\examples\src\sldoa\sldoa_database.h">
      <Filter>examples\src\sldoa</Filter>
    </ClInclude>
    <ClInclude Include="..\..\examples\src\sldoa\sldoa_internal.h">
      <Filter>examples\src\sldoa</Filter>
    </ClInclude>
    <ClInclude Include="..\..\examples\src\rotator\rotator_internal.h">
      <Filter>examples\src\rotator</Filter>
    </ClInclude>
    <ClInclude Include="..\..\examples\src\powermap\powermap_internal.h">
      <Filter>examples\src\powermap</Filter>
    </ClInclude>
    <ClInclude Include="..\..\examples\src\pitch_shifter\pitch_shifter_internal.h">
      <Filter>examples\src\pitch_shifter</Filter>
    </ClInclude>
    <ClInclude Include="..\..\examples\src\panner\panner_internal.h">
      <Filter>examples\src\panner</Filter>
    </ClInclude>
    <ClInclude Include="..\..\framework\include\saf.h">
      <Filter>framework\include</Filter>
    </ClInclude>
    <ClInclude Include="..\..\framework\modules\saf_vbap\saf_vbap.h">
      <Filter>framework\modules\saf_vbap</Filter>
    </ClInclude>
    <ClInclude Include="..\..\framework\modules\saf_vbap\saf_vbap_internal.h">
      <Filter>framework\modules\saf_vbap</Filter>
    </ClInclude>
    <ClInclude Include="..\..\framework\modules\saf_utilities\saf_utilities.h">
      <Filter>framework\modules\saf_utilities</Filter>
    </ClInclude>
    <ClInclude Include="..\..\framework\modules\saf_utilities\saf_utility_bessel.h">
      <Filter>framework\modules\saf_utilities</Filter>
    </ClInclude>
    <ClInclude Include="..\..\framework\modules\saf_utilities\saf_utility_complex.h">
      <Filter>framework\modules\saf_utilities</Filter>
    </ClInclude>
    <ClInclude Include="..\..\framework\modules\saf_utilities\saf_utility_decor.h">
      <Filter>framework\modules\saf_utilities</Filter>
    </ClInclude>
    <ClInclude Include="..\..\framework\modules\saf_utilities\saf_utility_fft.h">
      <Filter>framework\modules\saf_utilities</Filter>
    </ClInclude>
    <ClInclude Include="..\..\framework\modules\saf_utilities\saf_utility_filters.h">
      <Filter>framework\modules\saf_utilities</Filter>
    </ClInclude>
    <ClInclude Include="..\..\framework\modules\saf_utilities\saf_utility_loudspeaker_presets.h">
      <Filter>framework\modules\saf_utilities</Filter>
    </ClInclude>
    <ClInclude Include="..\..\framework\modules\saf_utilities\saf_utility_matrixConv.h">
      <Filter>framework\modules\saf_utilities</Filter>
    </ClInclude>
    <ClInclude Include="..\..\framework\modules\saf_utilities\saf_utility_misc.h">
      <Filter>framework\modules\saf_utilities</Filter>
    </ClInclude>
    <ClInclude Include="..\..\framework\modules\saf_utilities\saf_utility_pitch.h">
      <Filter>framework\modules\saf_utilities</Filter>
    </ClInclude>
    <ClInclude Include="..\..\framework\modules\saf_utilities\saf_utility_sensorarray_presets.h">
      <Filter>framework\modules\saf_utilities</Filter>
    </ClInclude>
    <ClInclude Include="..\..\framework\modules\saf_utilities\saf_utility_sort.h">
      <Filter>framework\modules\saf_utilities</Filter>
    </ClInclude>
    <ClInclude Include="..\..\framework\modules\saf_utilities\saf_utility_veclib.h">
      <Filter>framework\modules\saf_utilities</Filter>
    </ClInclude>
    <ClInclude Include="..\..\framework\modules\saf_sofa_reader\saf_sofa_reader.h">
      <Filter>framework\modules\saf_sofa_reader</Filter>
    </ClInclude>
    <ClInclude Include="..\..\framework\modules\saf_sh\saf_sh.h">
      <Filter>framework\modules\saf_sh</Filter>
    </ClInclude>
    <ClInclude Include="..\..\framework\modules\saf_sh\saf_sh_internal.h">
      <Filter>framework\modules\saf_sh</Filter>
    </ClInclude>
    <ClInclude Include="..\..\framework\modules\saf_reverb\saf_reverb.h">
      <Filter>framework\modules\saf_reverb</Filter>
    </ClInclude>
    <ClInclude Include="..\..\framework\modules\saf_reverb\saf_reverb_internal.h">
      <Filter>framework\modules\saf_reverb</Filter>
    </ClInclude>
    <ClInclude Include="..\..\framework\modules\saf_hrir\saf_hrir.h">
      <Filter>framework\modules\saf_hrir</Filter>
    </ClInclude>
    <ClInclude Include="..\..\framework\modules\saf_hoa\saf_hoa.h">
      <Filter>framework\modules\saf_hoa</Filter>
    </ClInclude>
    <ClInclude Include="..\..\framework\modules\saf_hoa\saf_hoa_internal.h">
      <Filter>framework\modules\saf_hoa</Filter>
    </ClInclude>
    <ClInclude Include="..\..\framework\modules\saf_cdf4sap\saf_cdf4sap.h">
      <Filter>framework\modules\saf_cdf4sap</Filter>
    </ClInclude>
    <ClInclude Include="..\..\framework\resources\afSTFT\afSTFT_protoFilter.h">
      <Filter>framework\resources\afSTFT</Filter>
    </ClInclude>
    <ClInclude Include="..\..\framework\resources\afSTFT\afSTFTlib.h">
      <Filter>framework\resources\afSTFT</Filter>
    </ClInclude>
    <ClInclude Include="..\..\framework\resources\convhull_3d\convhull_3d.h">
      <Filter>framework\resources\convhull_3d</Filter>
    </ClInclude>
    <ClInclude Include="..\..\framework\resources\kissFFT\_kiss_fft_guts.h">
      <Filter>framework\resources\kissFFT</Filter>
    </ClInclude>
    <ClInclude Include="..\..\framework\resources\kissFFT\kiss_fft.h">
      <Filter>framework\resources\kissFFT</Filter>
    </ClInclude>
    <ClInclude Include="..\..\framework\resources\kissFFT\kiss_fftr.h">
      <Filter>framework\resources\kissFFT</Filter>
    </ClInclude>
    <ClInclude Include="..\..\framework\resources\md_malloc\md_malloc.h">
      <Filter>framework\resources\md_malloc</Filter>
    </ClInclude>
    <ClInclude Include="..\..\framework\modules\saf_utilities\saf_utility_geometry.h">
      <Filter>framework\modules\saf_utilities</Filter>
    </ClInclude>
    <ClInclude Include="..\..\framework\modules\saf_utilities\saf_utility_qmf.h">
      <Filter>framework\modules\saf_utilities</Filter>
    </ClInclude>
    <ClInclude Include="..\..\framework\resources\afSTFT\afSTFT_internal.h">
      <Filter>framework\resources\afSTFT</Filter>
    </ClInclude>
    <ClInclude Include="..\..\framework\modules\saf_tracker\saf_tracker.h">
      <Filter>framework\modules\saf_tracker</Filter>
    </ClInclude>
    <ClInclude Include="..\..\framework\modules\saf_tracker\saf_tracker_internal.h">
      <Filter>framework\modules\saf_tracker</Filter>
    </ClInclude>
    <ClInclude Include="..\..\examples\include\spreader.h">
      <Filter>examples\include</Filter>
    </ClInclude>
    <ClInclude Include="..\..\examples\src\spreader\spreader_internal.h">
      <Filter>examples\src\spreader</Filter>
    </ClInclude>
    <ClInclude Include="..\..\framework\resources\speex_resampler\arch.h">
      <Filter>framework\resources\speex_resampler</Filter>
    </ClInclude>
    <ClInclude Include="..\..\framework\resources\speex_resampler\os_support.h">
      <Filter>framework\resources\speex_resampler</Filter>
    </ClInclude>
    <ClInclude Include="..\..\framework\resources\speex_resampler\resample_neon.h">
      <Filter>framework\resources\speex_resampler</Filter>
    </ClInclude>
    <ClInclude Include="..\..\framework\resources\speex_resampler\resample_sse.h">
      <Filter>framework\resources\speex_resampler</Filter>
    </ClInclude>
    <ClInclude Include="..\..\framework\resources\speex_resampler\speex_resampler.h">
      <Filter>framework\resources\speex_resampler</Filter>
    </ClInclude>
    <ClInclude Include="..\..\framework\resources\speex_resampler\speexdsp_types.h">
      <Filter>framework\resources\speex_resampler</Filter>
    </ClInclude>
    <ClInclude Include="..\..\framework\modules\saf_sofa_reader\libmysofa\mysofa.h">
      <Filter>framework\modules\saf_sofa_reader\libmysofa</Filter>
    </ClInclude>
    <ClInclude Include="..\..\framework\modules\saf_sofa_reader\libmysofa\internal\kdtree.h">
      <Filter>framework\modules\saf_sofa_reader\libmysofa\internal</Filter>
    </ClInclude>
    <ClInclude Include="..\..\framework\modules\saf_sofa_reader\libmysofa\internal\hdf_reader.h">
      <Filter>framework\modules\saf_sofa_reader\libmysofa\internal</Filter>
    </ClInclude>
    <ClInclude Include="..\..\framework\modules\saf_sofa_reader\libmysofa\internal\mysofa_internal.h">
      <Filter>framework\modules\saf_sofa_reader\libmysofa\internal</Filter>
    </ClInclude>
    <ClInclude Include="..\..\framework\resources\zlib\crc32.h">
      <Filter>framework\resources\zlib</Filter>
    </ClInclude>
    <ClInclude Include="..\..\framework\resources\zlib\deflate.h">
      <Filter>framework\resources\zlib</Filter>
    </ClInclude>
    <ClInclude Include="..\..\framework\resources\zlib\inffast.h">
      <Filter>framework\resources\zlib</Filter>
    </ClInclude>
    <ClInclude Include="..\..\framework\resources\zlib\inffixed.h">
      <Filter>framework\resources\zlib</Filter>
    </ClInclude>
    <ClInclude Include="..\..\framework\resources\zlib\inflate.h">
      <Filter>framework\resources\zlib</Filter>
    </ClInclude>
    <ClInclude Include="..\..\framework\resources\zlib\inftrees.h">
      <Filter>framework\resources\zlib</Filter>
    </ClInclude>
    <ClInclude Include="..\..\framework\resources\zlib\trees.h">
      <Filter>framework\resources\zlib</Filter>
    </ClInclude>
    <ClInclude Include="..\..\framework\resources\zlib\zconf.h">
      <Filter>framework\resources\zlib</Filter>
    </ClInclude>
    <ClInclude Include="..\..\framework\resources\zlib\zlib.h">
      <Filter>framework\resources\zlib</Filter>
    </ClInclude>
    <ClInclude Include="..\..\framework\resources\zlib\zutil.h">
      <Filter>framework\resources\zlib</Filter>
    </ClInclude>
    <ClInclude Include="..\include\resources\timer.h">
      <Filter>Header Files\resources</Filter>
    </ClInclude>
    <ClInclude Include="..\include\resources\unity.h">
      <Filter>Header Files\resources</Filter>
    </ClInclude>
    <ClInclude Include="..\include\resources\unity_internals.h">
      <Filter>Header Files\resources</Filter>
    </ClInclude>
    <ClInclude Include="..\..\framework\modules\saf_utilities\saf_utility_dvf.h">
      <Filter>framework\modules\saf_utilities</Filter>
    </ClInclude>
    <ClInclude Include="..\..\framework\modules\saf_hades\saf_hades.h">
      <Filter>framework\modules\saf_hades</Filter>
    </ClInclude>
    <ClInclude Include="..\..\framework\modules\saf_hades\saf_hades_analysis.h">
      <Filter>framework\modules\saf_hades</Filter>
    </ClInclude>
    <ClInclude Include="..\..\framework\modules\saf_hades\saf_hades_internal.h">
      <Filter>framework\modules\saf_hades</Filter>
    </ClInclude>
    <ClInclude Include="..\..\framework\modules\saf_hades\saf_hades_synthesis.h">
      <Filter>framework\modules\saf_hades</Filter>
    </ClInclude>
  </ItemGroup>
  <ItemGroup>
    <ClCompile Include="..\..\examples\src\ambi_bin\ambi_bin.c">
      <Filter>examples\src\ambi_bin</Filter>
    </ClCompile>
    <ClCompile Include="..\..\examples\src\ambi_bin\ambi_bin_internal.c">
      <Filter>examples\src\ambi_bin</Filter>
    </ClCompile>
    <ClCompile Include="..\..\examples\src\ambi_dec\ambi_dec.c">
      <Filter>examples\src\ambi_dec</Filter>
    </ClCompile>
    <ClCompile Include="..\..\examples\src\ambi_dec\ambi_dec_internal.c">
      <Filter>examples\src\ambi_dec</Filter>
    </ClCompile>
    <ClCompile Include="..\..\examples\src\ambi_drc\ambi_drc.c">
      <Filter>examples\src\ambi_drc</Filter>
    </ClCompile>
    <ClCompile Include="..\..\examples\src\ambi_drc\ambi_drc_internal.c">
      <Filter>examples\src\ambi_drc</Filter>
    </ClCompile>
    <ClCompile Include="..\..\examples\src\ambi_enc\ambi_enc.c">
      <Filter>examples\src\ambi_enc</Filter>
    </ClCompile>
    <ClCompile Include="..\..\examples\src\ambi_enc\ambi_enc_internal.c">
      <Filter>examples\src\ambi_enc</Filter>
    </ClCompile>
    <ClCompile Include="..\..\examples\src\array2sh\array2sh.c">
      <Filter>examples\src\array2sh</Filter>
    </ClCompile>
    <ClCompile Include="..\..\examples\src\array2sh\array2sh_internal.c">
      <Filter>examples\src\array2sh</Filter>
    </ClCompile>
    <ClCompile Include="..\..\examples\src\beamformer\beamformer.c">
      <Filter>examples\src\beamformer</Filter>
    </ClCompile>
    <ClCompile Include="..\..\examples\src\beamformer\beamformer_internal.c">
      <Filter>examples\src\beamformer</Filter>
    </ClCompile>
    <ClCompile Include="..\..\examples\src\binauraliser\binauraliser.c">
      <Filter>examples\src\binauraliser</Filter>
    </ClCompile>
    <ClCompile Include="..\..\examples\src\binauraliser\binauraliser_internal.c">
      <Filter>examples\src\binauraliser</Filter>
    </ClCompile>
    <ClCompile Include="..\..\examples\src\dirass\dirass.c">
      <Filter>examples\src\dirass</Filter>
    </ClCompile>
    <ClCompile Include="..\..\examples\src\dirass\dirass_internal.c">
      <Filter>examples\src\dirass</Filter>
    </ClCompile>
    <ClCompile Include="..\..\examples\src\matrixconv\matrixconv.c">
      <Filter>examples\src\matrixconv</Filter>
    </ClCompile>
    <ClCompile Include="..\..\examples\src\matrixconv\matrixconv_internal.c">
      <Filter>examples\src\matrixconv</Filter>
    </ClCompile>
    <ClCompile Include="..\..\examples\src\multiconv\multiconv.c">
      <Filter>examples\src\multiconv</Filter>
    </ClCompile>
    <ClCompile Include="..\..\examples\src\multiconv\multiconv_internal.c">
      <Filter>examples\src\multiconv</Filter>
    </ClCompile>
    <ClCompile Include="..\..\examples\src\sldoa\sldoa.c">
      <Filter>examples\src\sldoa</Filter>
    </ClCompile>
    <ClCompile Include="..\..\examples\src\sldoa\sldoa_database.c">
      <Filter>examples\src\sldoa</Filter>
    </ClCompile>
    <ClCompile Include="..\..\examples\src\sldoa\sldoa_internal.c">
      <Filter>examples\src\sldoa</Filter>
    </ClCompile>
    <ClCompile Include="..\..\examples\src\rotator\rotator.c">
      <Filter>examples\src\rotator</Filter>
    </ClCompile>
    <ClCompile Include="..\..\examples\src\rotator\rotator_internal.c">
      <Filter>examples\src\rotator</Filter>
    </ClCompile>
    <ClCompile Include="..\..\examples\src\powermap\powermap.c">
      <Filter>examples\src\powermap</Filter>
    </ClCompile>
    <ClCompile Include="..\..\examples\src\powermap\powermap_internal.c">
      <Filter>examples\src\powermap</Filter>
    </ClCompile>
    <ClCompile Include="..\..\examples\src\pitch_shifter\pitch_shifter.c">
      <Filter>examples\src\pitch_shifter</Filter>
    </ClCompile>
    <ClCompile Include="..\..\examples\src\pitch_shifter\pitch_shifter_internal.c">
      <Filter>examples\src\pitch_shifter</Filter>
    </ClCompile>
    <ClCompile Include="..\..\examples\src\panner\panner.c">
      <Filter>examples\src\panner</Filter>
    </ClCompile>
    <ClCompile Include="..\..\examples\src\panner\panner_internal.c">
      <Filter>examples\src\panner</Filter>
    </ClCompile>
    <ClCompile Include="..\..\framework\modules\saf_vbap\saf_vbap.c">
      <Filter>framework\modules\saf_vbap</Filter>
    </ClCompile>
    <ClCompile Include="..\..\framework\modules\saf_vbap\saf_vbap_internal.c">
      <Filter>framework\modules\saf_vbap</Filter>
    </ClCompile>
    <ClCompile Include="..\..\framework\modules\saf_utilities\saf_utility_bessel.c">
      <Filter>framework\modules\saf_utilities</Filter>
    </ClCompile>
    <ClCompile Include="..\..\framework\modules\saf_utilities\saf_utility_complex.c">
      <Filter>framework\modules\saf_utilities</Filter>
    </ClCompile>
    <ClCompile Include="..\..\framework\modules\saf_utilities\saf_utility_decor.c">
      <Filter>framework\modules\saf_utilities</Filter>
    </ClCompile>
    <ClCompile Include="..\..\framework\modules\saf_utilities\saf_utility_fft.c">
      <Filter>framework\modules\saf_utilities</Filter>
    </ClCompile>
    <ClCompile Include="..\..\framework\modules\saf_utilities\saf_utility_filters.c">
      <Filter>framework\modules\saf_utilities</Filter>
    </ClCompile>
    <ClCompile Include="..\..\framework\modules\saf_utilities\saf_utility_loudspeaker_presets.c">
      <Filter>framework\modules\saf_utilities</Filter>
    </ClCompile>
    <ClCompile Include="..\..\framework\modules\saf_utilities\saf_utility_matrixConv.c">
      <Filter>framework\modules\saf_utilities</Filter>
    </ClCompile>
    <ClCompile Include="..\..\framework\modules\saf_utilities\saf_utility_misc.c">
      <Filter>framework\modules\saf_utilities</Filter>
    </ClCompile>
    <ClCompile Include="..\..\framework\modules\saf_utilities\saf_utility_pitch.c">
      <Filter>framework\modules\saf_utilities</Filter>
    </ClCompile>
    <ClCompile Include="..\..\framework\modules\saf_utilities\saf_utility_sensorarray_presets.c">
      <Filter>framework\modules\saf_utilities</Filter>
    </ClCompile>
    <ClCompile Include="..\..\framework\modules\saf_utilities\saf_utility_sort.c">
      <Filter>framework\modules\saf_utilities</Filter>
    </ClCompile>
    <ClCompile Include="..\..\framework\modules\saf_utilities\saf_utility_veclib.c">
      <Filter>framework\modules\saf_utilities</Filter>
    </ClCompile>
    <ClCompile Include="..\..\framework\modules\saf_sofa_reader\saf_sofa_reader.c">
      <Filter>framework\modules\saf_sofa_reader</Filter>
    </ClCompile>
    <ClCompile Include="..\..\framework\modules\saf_sh\saf_sh.c">
      <Filter>framework\modules\saf_sh</Filter>
    </ClCompile>
    <ClCompile Include="..\..\framework\modules\saf_sh\saf_sh_internal.c">
      <Filter>framework\modules\saf_sh</Filter>
    </ClCompile>
    <ClCompile Include="..\..\framework\modules\saf_reverb\saf_reverb.c">
      <Filter>framework\modules\saf_reverb</Filter>
    </ClCompile>
    <ClCompile Include="..\..\framework\modules\saf_reverb\saf_reverb_internal.c">
      <Filter>framework\modules\saf_reverb</Filter>
    </ClCompile>
    <ClCompile Include="..\..\framework\modules\saf_hrir\saf_default_hrirs.c">
      <Filter>framework\modules\saf_hrir</Filter>
    </ClCompile>
    <ClCompile Include="..\..\framework\modules\saf_hrir\saf_hrir.c">
      <Filter>framework\modules\saf_hrir</Filter>
    </ClCompile>
    <ClCompile Include="..\..\framework\modules\saf_hoa\saf_hoa.c">
      <Filter>framework\modules\saf_hoa</Filter>
    </ClCompile>
    <ClCompile Include="..\..\framework\modules\saf_hoa\saf_hoa_internal.c">
      <Filter>framework\modules\saf_hoa</Filter>
    </ClCompile>
    <ClCompile Include="..\..\framework\modules\saf_cdf4sap\saf_cdf4sap.c">
      <Filter>framework\modules\saf_cdf4sap</Filter>
    </ClCompile>
    <ClCompile Include="..\..\framework\resources\afSTFT\afSTFTlib.c">
      <Filter>framework\resources\afSTFT</Filter>
    </ClCompile>
    <ClCompile Include="..\..\framework\resources\convhull_3d\convhull_3d.c">
      <Filter>framework\resources\convhull_3d</Filter>
    </ClCompile>
    <ClCompile Include="..\..\framework\resources\kissFFT\kiss_fft.c">
      <Filter>framework\resources\kissFFT</Filter>
    </ClCompile>
    <ClCompile Include="..\..\framework\resources\kissFFT\kiss_fftr.c">
      <Filter>framework\resources\kissFFT</Filter>
    </ClCompile>
    <ClCompile Include="..\..\framework\resources\md_malloc\md_malloc.c">
      <Filter>framework\resources\md_malloc</Filter>
    </ClCompile>
    <ClCompile Include="..\..\framework\modules\saf_utilities\saf_utility_geometry.c">
      <Filter>framework\modules\saf_utilities</Filter>
    </ClCompile>
    <ClCompile Include="..\..\framework\modules\saf_utilities\saf_utility_qmf.c">
      <Filter>framework\modules\saf_utilities</Filter>
    </ClCompile>
    <ClCompile Include="..\..\framework\modules\saf_utilities\saf_utility_latticeCoeffs.c">
      <Filter>framework\modules\saf_utilities</Filter>
    </ClCompile>
    <ClCompile Include="..\..\framework\resources\afSTFT\afSTFT_internal.c">
      <Filter>framework\resources\afSTFT</Filter>
    </ClCompile>
    <ClCompile Include="..\..\framework\modules\saf_tracker\saf_tracker.c">
      <Filter>framework\modules\saf_tracker</Filter>
    </ClCompile>
    <ClCompile Include="..\..\framework\modules\saf_tracker\saf_tracker_internal.c">
      <Filter>framework\modules\saf_tracker</Filter>
    </ClCompile>
    <ClCompile Include="..\..\examples\src\spreader\spreader.c">
      <Filter>examples\src\spreader</Filter>
    </ClCompile>
    <ClCompile Include="..\..\examples\src\spreader\spreader_internal.c">
      <Filter>examples\src\spreader</Filter>
    </ClCompile>
    <ClCompile Include="..\..\framework\resources\speex_resampler\resample.c">
      <Filter>framework\resources\speex_resampler</Filter>
    </ClCompile>
    <ClCompile Include="..\..\framework\modules\saf_sofa_reader\libmysofa\mysofa.c">
      <Filter>framework\modules\saf_sofa_reader\libmysofa</Filter>
    </ClCompile>
    <ClCompile Include="..\..\framework\modules\saf_sofa_reader\libmysofa\internal\hdf_dataobject.c">
      <Filter>framework\modules\saf_sofa_reader\libmysofa\internal</Filter>
    </ClCompile>
    <ClCompile Include="..\..\framework\modules\saf_sofa_reader\libmysofa\internal\hdf_fractalhead.c">
      <Filter>framework\modules\saf_sofa_reader\libmysofa\internal</Filter>
    </ClCompile>
    <ClCompile Include="..\..\framework\modules\saf_sofa_reader\libmysofa\internal\hdf_reader.c">
      <Filter>framework\modules\saf_sofa_reader\libmysofa\internal</Filter>
    </ClCompile>
    <ClCompile Include="..\..\framework\modules\saf_sofa_reader\libmysofa\internal\kdtree.c">
      <Filter>framework\modules\saf_sofa_reader\libmysofa\internal</Filter>
    </ClCompile>
    <ClCompile Include="..\..\framework\modules\saf_sofa_reader\libmysofa\internal\mysofa_internal.c">
      <Filter>framework\modules\saf_sofa_reader\libmysofa\internal</Filter>
    </ClCompile>
    <ClCompile Include="..\..\framework\resources\zlib\adler32.c">
      <Filter>framework\resources\zlib</Filter>
    </ClCompile>
    <ClCompile Include="..\..\framework\resources\zlib\compress.c">
      <Filter>framework\resources\zlib</Filter>
    </ClCompile>
    <ClCompile Include="..\..\framework\resources\zlib\crc32.c">
      <Filter>framework\resources\zlib</Filter>
    </ClCompile>
    <ClCompile Include="..\..\framework\resources\zlib\deflate.c">
      <Filter>framework\resources\zlib</Filter>
    </ClCompile>
    <ClCompile Include="..\..\framework\resources\zlib\infback.c">
      <Filter>framework\resources\zlib</Filter>
    </ClCompile>
    <ClCompile Include="..\..\framework\resources\zlib\inffast.c">
      <Filter>framework\resources\zlib</Filter>
    </ClCompile>
    <ClCompile Include="..\..\framework\resources\zlib\inflate.c">
      <Filter>framework\resources\zlib</Filter>
    </ClCompile>
    <ClCompile Include="..\..\framework\resources\zlib\inftrees.c">
      <Filter>framework\resources\zlib</Filter>
    </ClCompile>
    <ClCompile Include="..\..\framework\resources\zlib\trees.c">
      <Filter>framework\resources\zlib</Filter>
    </ClCompile>
    <ClCompile Include="..\..\framework\resources\zlib\uncompr.c">
      <Filter>framework\resources\zlib</Filter>
    </ClCompile>
    <ClCompile Include="..\..\framework\resources\zlib\zutil.c">
      <Filter>framework\resources\zlib</Filter>
    </ClCompile>
    <ClCompile Include="..\src\test__cdf4sap_module.c">
      <Filter>Source Files</Filter>
    </ClCompile>
    <ClCompile Include="..\src\test__examples.c">
      <Filter>Source Files</Filter>
    </ClCompile>
    <ClCompile Include="..\src\test__hoa_module.c">
      <Filter>Source Files</Filter>
    </ClCompile>
    <ClCompile Include="..\src\test__hrir_module.c">
      <Filter>Source Files</Filter>
    </ClCompile>
    <ClCompile Include="..\src\test__resources.c">
      <Filter>Source Files</Filter>
    </ClCompile>
    <ClCompile Include="..\src\test__reverb_module.c">
      <Filter>Source Files</Filter>
    </ClCompile>
    <ClCompile Include="..\src\test__sh_module.c">
      <Filter>Source Files</Filter>
    </ClCompile>
    <ClCompile Include="..\src\test__sofa_reader_module.c">
      <Filter>Source Files</Filter>
    </ClCompile>
    <ClCompile Include="..\src\test__tracker_module.c">
      <Filter>Source Files</Filter>
    </ClCompile>
    <ClCompile Include="..\src\test__utilities_module.c">
      <Filter>Source Files</Filter>
    </ClCompile>
    <ClCompile Include="..\src\test__vbap_module.c">
      <Filter>Source Files</Filter>
    </ClCompile>
    <ClCompile Include="..\src\resources\timer.c">
      <Filter>Source Files\resources</Filter>
    </ClCompile>
    <ClCompile Include="..\src\resources\unity.c">
      <Filter>Source Files\resources</Filter>
    </ClCompile>
    <ClCompile Include="..\src\saf_test.c">
      <Filter>Source Files</Filter>
    </ClCompile>
    <ClCompile Include="..\src\saf_test_wrapper.cpp">
      <Filter>Source Files</Filter>
    </ClCompile>
    <ClCompile Include="..\..\framework\modules\saf_utilities\saf_utility_dvf.c">
      <Filter>framework\modules\saf_utilities</Filter>
    </ClCompile>
    <ClCompile Include="..\..\framework\modules\saf_hades\saf_hades_analysis.c">
      <Filter>framework\modules\saf_hades</Filter>
    </ClCompile>
    <ClCompile Include="..\..\framework\modules\saf_hades\saf_hades_internal.c">
      <Filter>framework\modules\saf_hades</Filter>
    </ClCompile>
    <ClCompile Include="..\..\framework\modules\saf_hades\saf_hades_synthesis.c">
      <Filter>framework\modules\saf_hades</Filter>
    </ClCompile>
    <ClCompile Include="..\src\test__hades_module.c">
      <Filter>Source Files</Filter>
    </ClCompile>
  </ItemGroup>
</Project>