<?xml version="1.0" encoding="utf-8"?>
<Project ToolsVersion="4.0" xmlns="http://schemas.microsoft.com/developer/msbuild/2003">
  <ItemGroup>
    <Filter Include="Source Files">
      <UniqueIdentifier>{4FC737F1-C7A5-4376-A066-2A32D752A2FF}</UniqueIdentifier>
      <Extensions>cpp;c;cc;cxx;def;odl;idl;hpj;bat;asm;asmx</Extensions>
    </Filter>
    <Filter Include="Header Files">
      <UniqueIdentifier>{93995380-89BD-4b04-88EB-625FBE52EBFB}</UniqueIdentifier>
      <Extensions>h;hh;hpp;hxx;hm;inl;inc;ipp;xsd</Extensions>
    </Filter>
    <Filter Include="Resource Files">
      <UniqueIdentifier>{67DA6AB6-F800-4c08-8B7A-83BB121AAD01}</UniqueIdentifier>
      <Extensions>rc;ico;cur;bmp;dlg;rc2;rct;bin;rgs;gif;jpg;jpeg;jpe;resx;tiff;tif;png;wav;mfcribbon-ms</Extensions>
    </Filter>
    <Filter Include="framework">
      <UniqueIdentifier>{303b5cda-98e0-40cc-86e3-2c7c97009ec9}</UniqueIdentifier>
    </Filter>
    <Filter Include="framework\modules">
      <UniqueIdentifier>{edc47dbd-58d5-44d3-bfd4-cc1fb11945fe}</UniqueIdentifier>
    </Filter>
    <Filter Include="framework\resources">
      <UniqueIdentifier>{958e341d-8562-4f6c-ae93-adfef18d7500}</UniqueIdentifier>
    </Filter>
    <Filter Include="framework\modules\include">
      <UniqueIdentifier>{547c7fd9-174c-4a0e-82e9-244c7683e2c2}</UniqueIdentifier>
    </Filter>
    <Filter Include="framework\resources\include">
      <UniqueIdentifier>{41358736-a6ac-40d2-990a-16d7391ffd40}</UniqueIdentifier>
    </Filter>
    <Filter Include="framework\resources\src">
      <UniqueIdentifier>{0854bc41-6cb0-4408-8afd-bd36c14b468c}</UniqueIdentifier>
    </Filter>
    <Filter Include="framework\modules\saf_vbap">
      <UniqueIdentifier>{3e212540-6449-467e-ba14-ed39c0ef90c4}</UniqueIdentifier>
    </Filter>
    <Filter Include="framework\modules\saf_utilities">
      <UniqueIdentifier>{6a21c594-b6dd-4dc7-98ed-359de26213a9}</UniqueIdentifier>
    </Filter>
    <Filter Include="framework\modules\saf_sofa_reader">
      <UniqueIdentifier>{c8e7cee4-067f-4f8e-98be-3c0eff442a9f}</UniqueIdentifier>
    </Filter>
    <Filter Include="framework\modules\saf_sh">
      <UniqueIdentifier>{e66d33c2-72d2-4559-88e4-206d2542f36e}</UniqueIdentifier>
    </Filter>
    <Filter Include="framework\modules\saf_reverb">
      <UniqueIdentifier>{34869c68-36a5-432b-b66a-86fa725488cc}</UniqueIdentifier>
    </Filter>
    <Filter Include="framework\modules\saf_hoa">
      <UniqueIdentifier>{723eb623-2cbb-4a76-927a-b43d6372df2e}</UniqueIdentifier>
    </Filter>
    <Filter Include="framework\modules\saf_cdf4sap">
      <UniqueIdentifier>{b8389b2b-d4f5-447f-8ab6-ff4c84c21a7a}</UniqueIdentifier>
    </Filter>
    <Filter Include="framework\modules\saf_hrir">
      <UniqueIdentifier>{62a9be64-af6a-4765-a568-936ded0eb855}</UniqueIdentifier>
    </Filter>
  </ItemGroup>
  <ItemGroup>
    <ClInclude Include="..\timer\timer.h">
      <Filter>Header Files</Filter>
    </ClInclude>
    <ClInclude Include="..\unity\unity.h">
      <Filter>Header Files</Filter>
    </ClInclude>
    <ClInclude Include="..\unity\unity_internals.h">
      <Filter>Header Files</Filter>
    </ClInclude>
    <ClInclude Include="..\saf_test.h">
      <Filter>Header Files</Filter>
    </ClInclude>
    <ClInclude Include="..\..\framework\modules\include\saf.h">
      <Filter>framework\modules\include</Filter>
    </ClInclude>
    <ClInclude Include="..\..\framework\modules\include\saf_cdf4sap.h">
      <Filter>framework\modules\include</Filter>
    </ClInclude>
    <ClInclude Include="..\..\framework\modules\include\saf_hoa.h">
      <Filter>framework\modules\include</Filter>
    </ClInclude>
    <ClInclude Include="..\..\framework\modules\include\saf_hrir.h">
      <Filter>framework\modules\include</Filter>
    </ClInclude>
    <ClInclude Include="..\..\framework\modules\include\saf_reverb.h">
      <Filter>framework\modules\include</Filter>
    </ClInclude>
    <ClInclude Include="..\..\framework\modules\include\saf_sh.h">
      <Filter>framework\modules\include</Filter>
    </ClInclude>
    <ClInclude Include="..\..\framework\modules\include\saf_sofa_reader.h">
      <Filter>framework\modules\include</Filter>
    </ClInclude>
    <ClInclude Include="..\..\framework\modules\include\saf_utilities.h">
      <Filter>framework\modules\include</Filter>
    </ClInclude>
    <ClInclude Include="..\..\framework\modules\include\saf_utility_bessel.h">
      <Filter>framework\modules\include</Filter>
    </ClInclude>
    <ClInclude Include="..\..\framework\modules\include\saf_utility_complex.h">
      <Filter>framework\modules\include</Filter>
    </ClInclude>
    <ClInclude Include="..\..\framework\modules\include\saf_utility_decor.h">
      <Filter>framework\modules\include</Filter>
    </ClInclude>
    <ClInclude Include="..\..\framework\modules\include\saf_utility_erb.h">
      <Filter>framework\modules\include</Filter>
    </ClInclude>
    <ClInclude Include="..\..\framework\modules\include\saf_utility_error.h">
      <Filter>framework\modules\include</Filter>
    </ClInclude>
    <ClInclude Include="..\..\framework\modules\include\saf_utility_fft.h">
      <Filter>framework\modules\include</Filter>
    </ClInclude>
    <ClInclude Include="..\..\framework\modules\include\saf_utility_filters.h">
      <Filter>framework\modules\include</Filter>
    </ClInclude>
    <ClInclude Include="..\..\framework\modules\include\saf_utility_loudspeaker_presets.h">
      <Filter>framework\modules\include</Filter>
    </ClInclude>
    <ClInclude Include="..\..\framework\modules\include\saf_utility_matrixConv.h">
      <Filter>framework\modules\include</Filter>
    </ClInclude>
    <ClInclude Include="..\..\framework\modules\include\saf_utility_misc.h">
      <Filter>framework\modules\include</Filter>
    </ClInclude>
    <ClInclude Include="..\..\framework\modules\include\saf_utility_pitch.h">
      <Filter>framework\modules\include</Filter>
    </ClInclude>
    <ClInclude Include="..\..\framework\modules\include\saf_utility_sensorarray_presets.h">
      <Filter>framework\modules\include</Filter>
    </ClInclude>
    <ClInclude Include="..\..\framework\modules\include\saf_utility_sort.h">
      <Filter>framework\modules\include</Filter>
    </ClInclude>
    <ClInclude Include="..\..\framework\modules\include\saf_utility_veclib.h">
      <Filter>framework\modules\include</Filter>
    </ClInclude>
    <ClInclude Include="..\..\framework\modules\include\saf_vbap.h">
      <Filter>framework\modules\include</Filter>
    </ClInclude>
    <ClInclude Include="..\..\framework\modules\saf_hoa\saf_hoa_internal.h">
      <Filter>framework\modules\saf_hoa</Filter>
    </ClInclude>
    <ClInclude Include="..\..\framework\modules\saf_reverb\saf_reverb_internal.h">
      <Filter>framework\modules\saf_reverb</Filter>
    </ClInclude>
    <ClInclude Include="..\..\framework\modules\saf_hrir\saf_hrir_internal.h">
      <Filter>framework\modules\saf_hrir</Filter>
    </ClInclude>
    <ClInclude Include="..\..\framework\modules\saf_sh\saf_sh_internal.h">
      <Filter>framework\modules\saf_sh</Filter>
    </ClInclude>
    <ClInclude Include="..\..\framework\modules\saf_vbap\saf_vbap_internal.h">
      <Filter>framework\modules\saf_vbap</Filter>
    </ClInclude>
    <ClInclude Include="..\..\framework\resources\include\afSTFTlib.h">
      <Filter>framework\resources\include</Filter>
    </ClInclude>
    <ClInclude Include="..\..\framework\resources\include\convhull_3d.h">
      <Filter>framework\resources\include</Filter>
    </ClInclude>
    <ClInclude Include="..\..\framework\resources\include\kiss_fft.h">
      <Filter>framework\resources\include</Filter>
    </ClInclude>
    <ClInclude Include="..\..\framework\resources\include\kiss_fftr.h">
      <Filter>framework\resources\include</Filter>
    </ClInclude>
    <ClInclude Include="..\..\framework\resources\include\md_malloc.h">
      <Filter>framework\resources\include</Filter>
    </ClInclude>
    <ClInclude Include="..\..\framework\resources\src\_kiss_fft_guts.h">
      <Filter>framework\resources\src</Filter>
    </ClInclude>
    <ClInclude Include="..\..\framework\resources\src\afSTFT_protoFilter.h">
      <Filter>framework\resources\src</Filter>
    </ClInclude>
  </ItemGroup>
  <ItemGroup>
    <ClCompile Include="..\timer\timer.c">
      <Filter>Source Files</Filter>
    </ClCompile>
    <ClCompile Include="..\unity\unity.c">
      <Filter>Source Files</Filter>
    </ClCompile>
    <ClCompile Include="..\saf_test.c">
      <Filter>Source Files</Filter>
    </ClCompile>
    <ClCompile Include="..\saf_test_wrapper.cpp">
      <Filter>Source Files</Filter>
    </ClCompile>
    <ClCompile Include="..\..\framework\modules\saf_cdf4sap\saf_cdf4sap.c">
      <Filter>framework\modules\saf_cdf4sap</Filter>
    </ClCompile>
    <ClCompile Include="..\..\framework\modules\saf_hoa\saf_hoa.c">
      <Filter>framework\modules\saf_hoa</Filter>
    </ClCompile>
    <ClCompile Include="..\..\framework\modules\saf_hoa\saf_hoa_internal.c">
      <Filter>framework\modules\saf_hoa</Filter>
    </ClCompile>
    <ClCompile Include="..\..\framework\modules\saf_reverb\saf_reverb.c">
      <Filter>framework\modules\saf_reverb</Filter>
    </ClCompile>
    <ClCompile Include="..\..\framework\modules\saf_reverb\saf_reverb_internal.c">
      <Filter>framework\modules\saf_reverb</Filter>
    </ClCompile>
    <ClCompile Include="..\..\framework\modules\saf_hrir\saf_default_hrirs.c">
      <Filter>framework\modules\saf_hrir</Filter>
    </ClCompile>
    <ClCompile Include="..\..\framework\modules\saf_hrir\saf_hrir.c">
      <Filter>framework\modules\saf_hrir</Filter>
    </ClCompile>
    <ClCompile Include="..\..\framework\modules\saf_hrir\saf_hrir_internal.c">
      <Filter>framework\modules\saf_hrir</Filter>
    </ClCompile>
    <ClCompile Include="..\..\framework\modules\saf_sh\saf_sh.c">
      <Filter>framework\modules\saf_sh</Filter>
    </ClCompile>
    <ClCompile Include="..\..\framework\modules\saf_sh\saf_sh_internal.c">
      <Filter>framework\modules\saf_sh</Filter>
    </ClCompile>
    <ClCompile Include="..\..\framework\modules\saf_sofa_reader\saf_sofa_reader.c">
      <Filter>framework\modules\saf_sofa_reader</Filter>
    </ClCompile>
    <ClCompile Include="..\..\framework\modules\saf_utilities\saf_utility_bessel.c">
      <Filter>framework\modules\saf_utilities</Filter>
    </ClCompile>
    <ClCompile Include="..\..\framework\modules\saf_utilities\saf_utility_complex.c">
      <Filter>framework\modules\saf_utilities</Filter>
    </ClCompile>
    <ClCompile Include="..\..\framework\modules\saf_utilities\saf_utility_decor.c">
      <Filter>framework\modules\saf_utilities</Filter>
    </ClCompile>
    <ClCompile Include="..\..\framework\modules\saf_utilities\saf_utility_erb.c">
      <Filter>framework\modules\saf_utilities</Filter>
    </ClCompile>
    <ClCompile Include="..\..\framework\modules\saf_utilities\saf_utility_error.c">
      <Filter>framework\modules\saf_utilities</Filter>
    </ClCompile>
    <ClCompile Include="..\..\framework\modules\saf_utilities\saf_utility_fft.c">
      <Filter>framework\modules\saf_utilities</Filter>
    </ClCompile>
    <ClCompile Include="..\..\framework\modules\saf_utilities\saf_utility_filters.c">
      <Filter>framework\modules\saf_utilities</Filter>
    </ClCompile>
    <ClCompile Include="..\..\framework\modules\saf_utilities\saf_utility_loudspeaker_presets.c">
      <Filter>framework\modules\saf_utilities</Filter>
    </ClCompile>
    <ClCompile Include="..\..\framework\modules\saf_utilities\saf_utility_matrixConv.c">
      <Filter>framework\modules\saf_utilities</Filter>
    </ClCompile>
    <ClCompile Include="..\..\framework\modules\saf_utilities\saf_utility_misc.c">
      <Filter>framework\modules\saf_utilities</Filter>
    </ClCompile>
    <ClCompile Include="..\..\framework\modules\saf_utilities\saf_utility_pitch.c">
      <Filter>framework\modules\saf_utilities</Filter>
    </ClCompile>
    <ClCompile Include="..\..\framework\modules\saf_utilities\saf_utility_sensorarray_presets.c">
      <Filter>framework\modules\saf_utilities</Filter>
    </ClCompile>
    <ClCompile Include="..\..\framework\modules\saf_utilities\saf_utility_sort.c">
      <Filter>framework\modules\saf_utilities</Filter>
    </ClCompile>
    <ClCompile Include="..\..\framework\modules\saf_utilities\saf_utility_veclib.c">
      <Filter>framework\modules\saf_utilities</Filter>
    </ClCompile>
    <ClCompile Include="..\..\framework\modules\saf_vbap\saf_vbap.c">
      <Filter>framework\modules\saf_vbap</Filter>
    </ClCompile>
    <ClCompile Include="..\..\framework\modules\saf_vbap\saf_vbap_internal.c">
      <Filter>framework\modules\saf_vbap</Filter>
    </ClCompile>
    <ClCompile Include="..\..\framework\resources\src\afSTFTlib.c">
      <Filter>framework\resources\src</Filter>
    </ClCompile>
    <ClCompile Include="..\..\framework\resources\src\convhull_3d.c">
      <Filter>framework\resources\src</Filter>
    </ClCompile>
    <ClCompile Include="..\..\framework\resources\src\kiss_fft.c">
      <Filter>framework\resources\src</Filter>
    </ClCompile>
    <ClCompile Include="..\..\framework\resources\src\kiss_fftr.c">
      <Filter>framework\resources\src</Filter>
    </ClCompile>
    <ClCompile Include="..\..\framework\resources\src\md_malloc.c">
      <Filter>framework\resources\src</Filter>
    </ClCompile>
  </ItemGroup>
</Project>